
Microsoft Visual Studio Solution File, Format Version 12.00
# Visual Studio Version 16
VisualStudioVersion = 16.0.34301.259
MinimumVisualStudioVersion = 10.0.40219.1
Project("{8BC9CEB8-8B4A-11D0-8D11-00A0C91BC942}") = "演示dll", "演示dll\演示dll.vcxproj", "{4B86BA2B-0C4A-45CC-BE9B-BB42258F2388}"
EndProject
Project("{8BC9CEB8-8B4A-11D0-8D11-00A0C91BC942}") = "使用dll", "使用dll\使用dll.vcxproj", "{5797B985-9786-46EA-8638-136496542E45}"
	ProjectSection(ProjectDependencies) = postProject
		{4B86BA2B-0C4A-45CC-BE9B-BB42258F2388} = {4B86BA2B-0C4A-45CC-BE9B-BB42258F2388}
	EndProjectSection
EndProject
Global
	GlobalSection(SolutionConfigurationPlatforms) = preSolution
		Debug|x64 = Debug|x64
		Debug|x86 = Debug|x86
		Release|x64 = Release|x64
		Release|x86 = Release|x86
	EndGlobalSection
	GlobalSection(ProjectConfigurationPlatforms) = postSolution
		{4B86BA2B-0C4A-45CC-BE9B-BB42258F2388}.Debug|x64.ActiveCfg = Debug|x64
		{4B86BA2B-0C4A-45CC-BE9B-BB42258F2388}.Debug|x64.Build.0 = Debug|x64
		{4B86BA2B-0C4A-45CC-BE9B-BB42258F2388}.Debug|x86.ActiveCfg = Debug|Win32
		{4B86BA2B-0C4A-45CC-BE9B-BB42258F2388}.Debug|x86.Build.0 = Debug|Win32
		{4B86BA2B-0C4A-45CC-BE9B-BB42258F2388}.Release|x64.ActiveCfg = Release|x64
		{4B86BA2B-0C4A-45CC-BE9B-BB42258F2388}.Release|x64.Build.0 = Release|x64
		{4B86BA2B-0C4A-45CC-BE9B-BB42258F2388}.Release|x86.ActiveCfg = Release|Win32
		{4B86BA2B-0C4A-45CC-BE9B-BB42258F2388}.Release|x86.Build.0 = Release|Win32
		{5797B985-9786-46EA-8638-136496542E45}.Debug|x64.ActiveCfg = Debug|x64
		{5797B985-9786-46EA-8638-136496542E45}.Debug|x64.Build.0 = Debug|x64
		{5797B985-9786-46EA-8638-136496542E45}.Debug|x86.ActiveCfg = Debug|Win32
		{5797B985-9786-46EA-8638-136496542E45}.Debug|x86.Build.0 = Debug|Win32
		{5797B985-9786-46EA-8638-136496542E45}.Release|x64.ActiveCfg = Release|x64
		{5797B985-9786-46EA-8638-136496542E45}.Release|x64.Build.0 = Release|x64
		{5797B985-9786-46EA-8638-136496542E45}.Release|x86.ActiveCfg = Release|Win32
		{5797B985-9786-46EA-8638-136496542E45}.Release|x86.Build.0 = Release|Win32
	EndGlobalSection
	GlobalSection(SolutionProperties) = preSolution
		HideSolutionNode = FALSE
	EndGlobalSection
	GlobalSection(ExtensibilityGlobals) = postSolution
		SolutionGuid = {C732A2AE-98F7-478D-95AB-9DDB86181AEC}
	EndGlobalSection
EndGlobal
